
Microsoft Visual Studio Solution File, Format Version 12.00
# Visual Studio Version 17
VisualStudioVersion = 17.14.36717.8 d17.14
MinimumVisualStudioVersion = 10.0.40219.1
Project("{8BC9CEB8-8B4A-11D0-8D11-00A0C91BC942}") = "LAB0401", "LAB0401.vcxproj", "{E88394F7-CBA0-4474-BD29-73F2D5D9F562}"
EndProject
Project("{8BC9CEB8-8B4A-11D0-8D11-00A0C91BC942}") = "LAB04-02", "..\LAB04-02\LAB04-02.vcxproj", "{1F30E3FF-0195-40FC-B5AD-B8DC84E1168B}"
EndProject
Global
	GlobalSection(SolutionConfigurationPlatforms) = preSolution
		Debug|x64 = Debug|x64
		Debug|x86 = Debug|x86
		Release|x64 = Release|x64
		Release|x86 = Release|x86
	EndGlobalSection
	GlobalSection(ProjectConfigurationPlatforms) = postSolution
		{E88394F7-CBA0-4474-BD29-73F2D5D9F562}.Debug|x64.ActiveCfg = Debug|x64
		{E88394F7-CBA0-4474-BD29-73F2D5D9F562}.Debug|x64.Build.0 = Debug|x64
		{E88394F7-CBA0-4474-BD29-73F2D5D9F562}.Debug|x86.ActiveCfg = Debug|Win32
		{E88394F7-CBA0-4474-BD29-73F2D5D9F562}.Debug|x86.Build.0 = Debug|Win32
		{E88394F7-CBA0-4474-BD29-73F2D5D9F562}.Release|x64.ActiveCfg = Release|x64
		{E88394F7-CBA0-4474-BD29-73F2D5D9F562}.Release|x64.Build.0 = Release|x64
		{E88394F7-CBA0-4474-BD29-73F2D5D9F562}.Release|x86.ActiveCfg = Release|Win32
		{E88394F7-CBA0-4474-BD29-73F2D5D9F562}.Release|x86.Build.0 = Release|Win32
		{1F30E3FF-0195-40FC-B5AD-B8DC84E1168B}.Debug|x64.ActiveCfg = Debug|x64
		{1F30E3FF-0195-40FC-B5AD-B8DC84E1168B}.Debug|x64.Build.0 = Debug|x64
		{1F30E3FF-0195-40FC-B5AD-B8DC84E1168B}.Debug|x86.ActiveCfg = Debug|Win32
		{1F30E3FF-0195-40FC-B5AD-B8DC84E1168B}.Debug|x86.Build.0 = Debug|Win32
		{1F30E3FF-0195-40FC-B5AD-B8DC84E1168B}.Release|x64.ActiveCfg = Release|x64
		{1F30E3FF-0195-40FC-B5AD-B8DC84E1168B}.Release|x64.Build.0 = Release|x64
		{1F30E3FF-0195-40FC-B5AD-B8DC84E1168B}.Release|x86.ActiveCfg = Release|Win32
		{1F30E3FF-0195-40FC-B5AD-B8DC84E1168B}.Release|x86.Build.0 = Release|Win32
	EndGlobalSection
	GlobalSection(SolutionProperties) = preSolution
		HideSolutionNode = FALSE
	EndGlobalSection
	GlobalSection(ExtensibilityGlobals) = postSolution
		SolutionGuid = {16D69E00-9543-4530-900C-2C79000B7F16}
	EndGlobalSection
EndGlobal
